
Microsoft Visual Studio Solution File, Format Version 12.00
# Visual Studio 15
VisualStudioVersion = 15.0.28307.329
MinimumVisualStudioVersion = 10.0.40219.1
Project("{FAE04EC0-301F-11D3-BF4B-00C04F79EFBC}") = "TankNation", "TankNation\TankNation.csproj", "{44E47BE9-5BD7-476B-A79B-F8B0262ADD04}"
EndProject
Global
	GlobalSection(SolutionConfigurationPlatforms) = preSolution
		Debug|x86 = Debug|x86
		Release|x86 = Release|x86
	EndGlobalSection
	GlobalSection(ProjectConfigurationPlatforms) = postSolution
		{44E47BE9-5BD7-476B-A79B-F8B0262ADD04}.Debug|x86.ActiveCfg = Debug|x86
		{44E47BE9-5BD7-476B-A79B-F8B0262ADD04}.Debug|x86.Build.0 = Debug|x86
		{44E47BE9-5BD7-476B-A79B-F8B0262ADD04}.Release|x86.ActiveCfg = Release|x86
		{44E47BE9-5BD7-476B-A79B-F8B0262ADD04}.Release|x86.Build.0 = Release|x86
	EndGlobalSection
	GlobalSection(SolutionProperties) = preSolution
		HideSolutionNode = FALSE
	EndGlobalSection
	GlobalSection(ExtensibilityGlobals) = postSolution
		SolutionGuid = {402948BA-44F3-48D4-AB01-7B60ACFEF454}
	EndGlobalSection
EndGlobal
